// !$*UTF8*$!
{
	archiveVersion = 1;
	classes = {
	};
	objectVersion = 56;
	objects = {

/* Begin PBXBuildFile section */
		AB28C5C02AFD62CB00A58A74 /* AppEntry.swift in Sources */ = {isa = PBXBuildFile; fileRef = AB28C5BF2AFD62CB00A58A74 /* AppEntry.swift */; };
		AB28C5C22AFD62CB00A58A74 /* DALLEImagesView.swift in Sources */ = {isa = PBXBuildFile; fileRef = AB28C5C12AFD62CB00A58A74 /* DALLEImagesView.swift */; };
		AB28C5C42AFD62CD00A58A74 /* Assets.xcassets in Resources */ = {isa = PBXBuildFile; fileRef = AB28C5C32AFD62CD00A58A74 /* Assets.xcassets */; };
		AB28C5C72AFD62CD00A58A74 /* Preview Assets.xcassets in Resources */ = {isa = PBXBuildFile; fileRef = AB28C5C62AFD62CD00A58A74 /* Preview Assets.xcassets */; };
		AB28C5CE2AFD633A00A58A74 /* Launch Screen.storyboard in Resources */ = {isa = PBXBuildFile; fileRef = AB28C5CD2AFD633A00A58A74 /* Launch Screen.storyboard */; };
		AB28C5D22AFD709B00A58A74 /* Models.swift in Sources */ = {isa = PBXBuildFile; fileRef = AB28C5D12AFD709B00A58A74 /* Models.swift */; };
		AB28C5D42AFD712600A58A74 /* APIService.swift in Sources */ = {isa = PBXBuildFile; fileRef = AB28C5D32AFD712600A58A74 /* APIService.swift */; };
		AB28C5D92AFED11F00A58A74 /* ViewModel.swift in Sources */ = {isa = PBXBuildFile; fileRef = AB28C5D82AFED11F00A58A74 /* ViewModel.swift */; };
/* End PBXBuildFile section */

/* Begin PBXFileReference section */
		AB28C5BC2AFD62CB00A58A74 /* Art Generator.app */ = {isa = PBXFileReference; explicitFileType = wrapper.application; includeInIndex = 0; path = "Art Generator.app"; sourceTree = BUILT_PRODUCTS_DIR; };
		AB28C5BF2AFD62CB00A58A74 /* AppEntry.swift */ = {isa = PBXFileReference; lastKnownFileType = sourcecode.swift; path = AppEntry.swift; sourceTree = "<group>"; };
		AB28C5C12AFD62CB00A58A74 /* DALLEImagesView.swift */ = {isa = PBXFileReference; lastKnownFileType = sourcecode.swift; path = DALLEImagesView.swift; sourceTree = "<group>"; };
		AB28C5C32AFD62CD00A58A74 /* Assets.xcassets */ = {isa = PBXFileReference; lastKnownFileType = folder.assetcatalog; path = Assets.xcassets; sourceTree = "<group>"; };
		AB28C5C62AFD62CD00A58A74 /* Preview Assets.xcassets */ = {isa = PBXFileReference; lastKnownFileType = folder.assetcatalog; path = "Preview Assets.xcassets"; sourceTree = "<group>"; };
		AB28C5CD2AFD633A00A58A74 /* Launch Screen.storyboard */ = {isa = PBXFileReference; lastKnownFileType = file.storyboard; path = "Launch Screen.storyboard"; sourceTree = "<group>"; };
		AB28C5CF2AFD63E600A58A74 /* Config.xcconfig */ = {isa = PBXFileReference; lastKnownFileType = text.xcconfig; path = Config.xcconfig; sourceTree = "<group>"; };
		AB28C5D02AFD64A000A58A74 /* Art-Generator-Info.plist */ = {isa = PBXFileReference; lastKnownFileType = text.plist; path = "Art-Generator-Info.plist"; sourceTree = SOURCE_ROOT; };
		AB28C5D12AFD709B00A58A74 /* Models.swift */ = {isa = PBXFileReference; lastKnownFileType = sourcecode.swift; path = Models.swift; sourceTree = "<group>"; };
		AB28C5D32AFD712600A58A74 /* APIService.swift */ = {isa = PBXFileReference; lastKnownFileType = sourcecode.swift; path = APIService.swift; sourceTree = "<group>"; };
		AB28C5D82AFED11F00A58A74 /* ViewModel.swift */ = {isa = PBXFileReference; lastKnownFileType = sourcecode.swift; path = ViewModel.swift; sourceTree = "<group>"; };
/* End PBXFileReference section */

/* Begin PBXFrameworksBuildPhase section */
		AB28C5B92AFD62CB00A58A74 /* Frameworks */ = {
			isa = PBXFrameworksBuildPhase;
			buildActionMask = 2147483647;
			files = (
			);
			runOnlyForDeploymentPostprocessing = 0;
		};
/* End PBXFrameworksBuildPhase section */

/* Begin PBXGroup section */
		AB28C5B32AFD62CB00A58A74 = {
			isa = PBXGroup;
			children = (
				AB28C5BE2AFD62CB00A58A74 /* Art Generator */,
				AB28C5BD2AFD62CB00A58A74 /* Products */,
			);
			sourceTree = "<group>";
		};
		AB28C5BD2AFD62CB00A58A74 /* Products */ = {
			isa = PBXGroup;
			children = (
				AB28C5BC2AFD62CB00A58A74 /* Art Generator.app */,
			);
			name = Products;
			sourceTree = "<group>";
		};
		AB28C5BE2AFD62CB00A58A74 /* Art Generator */ = {
			isa = PBXGroup;
			children = (
				AB28C5BF2AFD62CB00A58A74 /* AppEntry.swift */,
				AB28C5D52AFECFFC00A58A74 /* Screens */,
				AB28C5D62AFED00B00A58A74 /* Models */,
				AB28C5D32AFD712600A58A74 /* APIService.swift */,
				AB28C5CF2AFD63E600A58A74 /* Config.xcconfig */,
				AB28C5D02AFD64A000A58A74 /* Art-Generator-Info.plist */,
				AB28C5C32AFD62CD00A58A74 /* Assets.xcassets */,
				AB28C5CD2AFD633A00A58A74 /* Launch Screen.storyboard */,
				AB28C5C52AFD62CD00A58A74 /* Preview Content */,
			);
			path = "Art Generator";
			sourceTree = "<group>";
		};
		AB28C5C52AFD62CD00A58A74 /* Preview Content */ = {
			isa = PBXGroup;
			children = (
				AB28C5C62AFD62CD00A58A74 /* Preview Assets.xcassets */,
			);
			path = "Preview Content";
			sourceTree = "<group>";
		};
		AB28C5D52AFECFFC00A58A74 /* Screens */ = {
			isa = PBXGroup;
			children = (
				AB28C5D72AFED01B00A58A74 /* DDALLE Images */,
			);
			path = Screens;
			sourceTree = "<group>";
		};
		AB28C5D62AFED00B00A58A74 /* Models */ = {
			isa = PBXGroup;
			children = (
				AB28C5D12AFD709B00A58A74 /* Models.swift */,
			);
			path = Models;
			sourceTree = "<group>";
		};
		AB28C5D72AFED01B00A58A74 /* DDALLE Images */ = {
			isa = PBXGroup;
			children = (
				AB28C5C12AFD62CB00A58A74 /* DALLEImagesView.swift */,
				AB28C5D82AFED11F00A58A74 /* ViewModel.swift */,
			);
			path = "DDALLE Images";
			sourceTree = "<group>";
		};
/* End PBXGroup section */

/* Begin PBXNativeTarget section */
		AB28C5BB2AFD62CB00A58A74 /* Art Generator */ = {
			isa = PBXNativeTarget;
			buildConfigurationList = AB28C5CA2AFD62CD00A58A74 /* Build configuration list for PBXNativeTarget "Art Generator" */;
			buildPhases = (
				AB28C5B82AFD62CB00A58A74 /* Sources */,
				AB28C5B92AFD62CB00A58A74 /* Frameworks */,
				AB28C5BA2AFD62CB00A58A74 /* Resources */,
			);
			buildRules = (
			);
			dependencies = (
			);
			name = "Art Generator";
			productName = "Art Generator";
			productReference = AB28C5BC2AFD62CB00A58A74 /* Art Generator.app */;
			productType = "com.apple.product-type.application";
		};
/* End PBXNativeTarget section */

/* Begin PBXProject section */
		AB28C5B42AFD62CB00A58A74 /* Project object */ = {
			isa = PBXProject;
			attributes = {
				BuildIndependentTargetsInParallel = 1;
				LastSwiftUpdateCheck = 1500;
				LastUpgradeCheck = 1500;
				TargetAttributes = {
					AB28C5BB2AFD62CB00A58A74 = {
						CreatedOnToolsVersion = 15.0.1;
					};
				};
			};
			buildConfigurationList = AB28C5B72AFD62CB00A58A74 /* Build configuration list for PBXProject "Art Generator" */;
			compatibilityVersion = "Xcode 14.0";
			developmentRegion = en;
			hasScannedForEncodings = 0;
			knownRegions = (
				en,
				Base,
			);
			mainGroup = AB28C5B32AFD62CB00A58A74;
			productRefGroup = AB28C5BD2AFD62CB00A58A74 /* Products */;
			projectDirPath = "";
			projectRoot = "";
			targets = (
				AB28C5BB2AFD62CB00A58A74 /* Art Generator */,
			);
		};
/* End PBXProject section */

/* Begin PBXResourcesBuildPhase section */
		AB28C5BA2AFD62CB00A58A74 /* Resources */ = {
			isa = PBXResourcesBuildPhase;
			buildActionMask = 2147483647;
			files = (
				AB28C5CE2AFD633A00A58A74 /* Launch Screen.storyboard in Resources */,
				AB28C5C72AFD62CD00A58A74 /* Preview Assets.xcassets in Resources */,
				AB28C5C42AFD62CD00A58A74 /* Assets.xcassets in Resources */,
			);
			runOnlyForDeploymentPostprocessing = 0;
		};
/* End PBXResourcesBuildPhase section */

/* Begin PBXSourcesBuildPhase section */
		AB28C5B82AFD62CB00A58A74 /* Sources */ = {
			isa = PBXSourcesBuildPhase;
			buildActionMask = 2147483647;
			files = (
				AB28C5D92AFED11F00A58A74 /* ViewModel.swift in Sources */,
				AB28C5D22AFD709B00A58A74 /* Models.swift in Sources */,
				AB28C5C22AFD62CB00A58A74 /* DALLEImagesView.swift in Sources */,
				AB28C5D42AFD712600A58A74 /* APIService.swift in Sources */,
				AB28C5C02AFD62CB00A58A74 /* AppEntry.swift in Sources */,
			);
			runOnlyForDeploymentPostprocessing = 0;
		};
/* End PBXSourcesBuildPhase section */

/* Begin XCBuildConfiguration section */
		AB28C5C82AFD62CD00A58A74 /* Debug */ = {
			isa = XCBuildConfiguration;
			baseConfigurationReference = AB28C5CF2AFD63E600A58A74 /* Config.xcconfig */;
			buildSettings = {
				ALWAYS_SEARCH_USER_PATHS = NO;
				ASSETCATALOG_COMPILER_GENERATE_SWIFT_ASSET_SYMBOL_EXTENSIONS = YES;
				CLANG_ANALYZER_NONNULL = YES;
				CLANG_ANALYZER_NUMBER_OBJECT_CONVERSION = YES_AGGRESSIVE;
				CLANG_CXX_LANGUAGE_STANDARD = "gnu++20";
				CLANG_ENABLE_MODULES = YES;
				CLANG_ENABLE_OBJC_ARC = YES;
				CLANG_ENABLE_OBJC_WEAK = YES;
				CLANG_WARN_BLOCK_CAPTURE_AUTORELEASING = YES;
				CLANG_WARN_BOOL_CONVERSION = YES;
				CLANG_WARN_COMMA = YES;
				CLANG_WARN_CONSTANT_CONVERSION = YES;
				CLANG_WARN_DEPRECATED_OBJC_IMPLEMENTATIONS = YES;
				CLANG_WARN_DIRECT_OBJC_ISA_USAGE = YES_ERROR;
				CLANG_WARN_DOCUMENTATION_COMMENTS = YES;
				CLANG_WARN_EMPTY_BODY = YES;
				CLANG_WARN_ENUM_CONVERSION = YES;
				CLANG_WARN_INFINITE_RECURSION = YES;
				CLANG_WARN_INT_CONVERSION = YES;
				CLANG_WARN_NON_LITERAL_NULL_CONVERSION = YES;
				CLANG_WARN_OBJC_IMPLICIT_RETAIN_SELF = YES;
				CLANG_WARN_OBJC_LITERAL_CONVERSION = YES;
				CLANG_WARN_OBJC_ROOT_CLASS = YES_ERROR;
				CLANG_WARN_QUOTED_INCLUDE_IN_FRAMEWORK_HEADER = YES;
				CLANG_WARN_RANGE_LOOP_ANALYSIS = YES;
				CLANG_WARN_STRICT_PROTOTYPES = YES;
				CLANG_WARN_SUSPICIOUS_MOVE = YES;
				CLANG_WARN_UNGUARDED_AVAILABILITY = YES_AGGRESSIVE;
				CLANG_WARN_UNREACHABLE_CODE = YES;
				CLANG_WARN__DUPLICATE_METHOD_MATCH = YES;
				COPY_PHASE_STRIP = NO;
				DEBUG_INFORMATION_FORMAT = dwarf;
				ENABLE_STRICT_OBJC_MSGSEND = YES;
				ENABLE_TESTABILITY = YES;
				ENABLE_USER_SCRIPT_SANDBOXING = YES;
				GCC_C_LANGUAGE_STANDARD = gnu17;
				GCC_DYNAMIC_NO_PIC = NO;
				GCC_NO_COMMON_BLOCKS = YES;
				GCC_OPTIMIZATION_LEVEL = 0;
				GCC_PREPROCESSOR_DEFINITIONS = (
					"DEBUG=1",
					"$(inherited)",
				);
				GCC_WARN_64_TO_32_BIT_CONVERSION = YES;
				GCC_WARN_ABOUT_RETURN_TYPE = YES_ERROR;
				GCC_WARN_UNDECLARED_SELECTOR = YES;
				GCC_WARN_UNINITIALIZED_AUTOS = YES_AGGRESSIVE;
				GCC_WARN_UNUSED_FUNCTION = YES;
				GCC_WARN_UNUSED_VARIABLE = YES;
				IPHONEOS_DEPLOYMENT_TARGET = 17.0;
				LOCALIZATION_PREFERS_STRING_CATALOGS = YES;
				MTL_ENABLE_DEBUG_INFO = INCLUDE_SOURCE;
				MTL_FAST_MATH = YES;
				ONLY_ACTIVE_ARCH = YES;
				SDKROOT = iphoneos;
				SWIFT_ACTIVE_COMPILATION_CONDITIONS = "DEBUG $(inherited)";
				SWIFT_OPTIMIZATION_LEVEL = "-Onone";
			};
			name = Debug;
		};
		AB28C5C92AFD62CD00A58A74 /* Release */ = {
			isa = XCBuildConfiguration;
			baseConfigurationReference = AB28C5CF2AFD63E600A58A74 /* Config.xcconfig */;
			buildSettings = {
				ALWAYS_SEARCH_USER_PATHS = NO;
				ASSETCATALOG_COMPILER_GENERATE_SWIFT_ASSET_SYMBOL_EXTENSIONS = YES;
				CLANG_ANALYZER_NONNULL = YES;
				CLANG_ANALYZER_NUMBER_OBJECT_CONVERSION = YES_AGGRESSIVE;
				CLANG_CXX_LANGUAGE_STANDARD = "gnu++20";
				CLANG_ENABLE_MODULES = YES;
				CLANG_ENABLE_OBJC_ARC = YES;
				CLANG_ENABLE_OBJC_WEAK = YES;
				CLANG_WARN_BLOCK_CAPTURE_AUTORELEASING = YES;
				CLANG_WARN_BOOL_CONVERSION = YES;
				CLANG_WARN_COMMA = YES;
				CLANG_WARN_CONSTANT_CONVERSION = YES;
				CLANG_WARN_DEPRECATED_OBJC_IMPLEMENTATIONS = YES;
				CLANG_WARN_DIRECT_OBJC_ISA_USAGE = YES_ERROR;
				CLANG_WARN_DOCUMENTATION_COMMENTS = YES;
				CLANG_WARN_EMPTY_BODY = YES;
				CLANG_WARN_ENUM_CONVERSION = YES;
				CLANG_WARN_INFINITE_RECURSION = YES;
				CLANG_WARN_INT_CONVERSION = YES;
				CLANG_WARN_NON_LITERAL_NULL_CONVERSION = YES;
				CLANG_WARN_OBJC_IMPLICIT_RETAIN_SELF = YES;
				CLANG_WARN_OBJC_LITERAL_CONVERSION = YES;
				CLANG_WARN_OBJC_ROOT_CLASS = YES_ERROR;
				CLANG_WARN_QUOTED_INCLUDE_IN_FRAMEWORK_HEADER = YES;
				CLANG_WARN_RANGE_LOOP_ANALYSIS = YES;
				CLANG_WARN_STRICT_PROTOTYPES = YES;
				CLANG_WARN_SUSPICIOUS_MOVE = YES;
				CLANG_WARN_UNGUARDED_AVAILABILITY = YES_AGGRESSIVE;
				CLANG_WARN_UNREACHABLE_CODE = YES;
				CLANG_WARN__DUPLICATE_METHOD_MATCH = YES;
				COPY_PHASE_STRIP = NO;
				DEBUG_INFORMATION_FORMAT = "dwarf-with-dsym";
				ENABLE_NS_ASSERTIONS = NO;
				ENABLE_STRICT_OBJC_MSGSEND = YES;
				ENABLE_USER_SCRIPT_SANDBOXING = YES;
				GCC_C_LANGUAGE_STANDARD = gnu17;
				GCC_NO_COMMON_BLOCKS = YES;
				GCC_WARN_64_TO_32_BIT_CONVERSION = YES;
				GCC_WARN_ABOUT_RETURN_TYPE = YES_ERROR;
				GCC_WARN_UNDECLARED_SELECTOR = YES;
				GCC_WARN_UNINITIALIZED_AUTOS = YES_AGGRESSIVE;
				GCC_WARN_UNUSED_FUNCTION = YES;
				GCC_WARN_UNUSED_VARIABLE = YES;
				IPHONEOS_DEPLOYMENT_TARGET = 17.0;
				LOCALIZATION_PREFERS_STRING_CATALOGS = YES;
				MTL_ENABLE_DEBUG_INFO = NO;
				MTL_FAST_MATH = YES;
				SDKROOT = iphoneos;
				SWIFT_COMPILATION_MODE = wholemodule;
				VALIDATE_PRODUCT = YES;
			};
			name = Release;
		};
		AB28C5CB2AFD62CD00A58A74 /* Debug */ = {
			isa = XCBuildConfiguration;
			buildSettings = {
				ASSETCATALOG_COMPILER_APPICON_NAME = AppIcon;
				ASSETCATALOG_COMPILER_GLOBAL_ACCENT_COLOR_NAME = AccentColor;
				CODE_SIGN_STYLE = Automatic;
				CURRENT_PROJECT_VERSION = 1;
				DEVELOPMENT_ASSET_PATHS = "\"Art Generator/Preview Content\"";
				DEVELOPMENT_TEAM = LBVG852B8V;
				ENABLE_PREVIEWS = YES;
				GENERATE_INFOPLIST_FILE = YES;
				INFOPLIST_FILE = "Art-Generator-Info.plist";
				INFOPLIST_KEY_UIApplicationSceneManifest_Generation = YES;
				INFOPLIST_KEY_UIApplicationSupportsIndirectInputEvents = YES;
				INFOPLIST_KEY_UILaunchScreen_Generation = YES;
				INFOPLIST_KEY_UILaunchStoryboardName = "Launch Screen.storyboard";
				INFOPLIST_KEY_UISupportedInterfaceOrientations_iPad = "UIInterfaceOrientationPortrait UIInterfaceOrientationPortraitUpsideDown UIInterfaceOrientationLandscapeLeft UIInterfaceOrientationLandscapeRight";
				INFOPLIST_KEY_UISupportedInterfaceOrientations_iPhone = "UIInterfaceOrientationPortrait UIInterfaceOrientationLandscapeLeft UIInterfaceOrientationLandscapeRight";
				LD_RUNPATH_SEARCH_PATHS = (
					"$(inherited)",
					"@executable_path/Frameworks",
				);
				MARKETING_VERSION = 1.0;
				PRODUCT_BUNDLE_IDENTIFIER = "com.jv.Art-Generator";
				PRODUCT_NAME = "$(TARGET_NAME)";
				SWIFT_EMIT_LOC_STRINGS = YES;
				SWIFT_VERSION = 5.0;
				TARGETED_DEVICE_FAMILY = "1,2";
			};
			name = Debug;
		};
		AB28C5CC2AFD62CD00A58A74 /* Release */ = {
			isa = XCBuildConfiguration;
			buildSettings = {
				ASSETCATALOG_COMPILER_APPICON_NAME = AppIcon;
				ASSETCATALOG_COMPILER_GLOBAL_ACCENT_COLOR_NAME = AccentColor;
				CODE_SIGN_STYLE = Automatic;
				CURRENT_PROJECT_VERSION = 1;
				DEVELOPMENT_ASSET_PATHS = "\"Art Generator/Preview Content\"";
				DEVELOPMENT_TEAM = LBVG852B8V;
				ENABLE_PREVIEWS = YES;
				GENERATE_INFOPLIST_FILE = YES;
				INFOPLIST_FILE = "Art-Generator-Info.plist";
				INFOPLIST_KEY_UIApplicationSceneManifest_Generation = YES;
				INFOPLIST_KEY_UIApplicationSupportsIndirectInputEvents = YES;
				INFOPLIST_KEY_UILaunchScreen_Generation = YES;
				INFOPLIST_KEY_UILaunchStoryboardName = "Launch Screen.storyboard";
				INFOPLIST_KEY_UISupportedInterfaceOrientations_iPad = "UIInterfaceOrientationPortrait UIInterfaceOrientationPortraitUpsideDown UIInterfaceOrientationLandscapeLeft UIInterfaceOrientationLandscapeRight";
				INFOPLIST_KEY_UISupportedInterfaceOrientations_iPhone = "UIInterfaceOrientationPortrait UIInterfaceOrientationLandscapeLeft UIInterfaceOrientationLandscapeRight";
				LD_RUNPATH_SEARCH_PATHS = (
					"$(inherited)",
					"@executable_path/Frameworks",
				);
				MARKETING_VERSION = 1.0;
				PRODUCT_BUNDLE_IDENTIFIER = "com.jv.Art-Generator";
				PRODUCT_NAME = "$(TARGET_NAME)";
				SWIFT_EMIT_LOC_STRINGS = YES;
				SWIFT_VERSION = 5.0;
				TARGETED_DEVICE_FAMILY = "1,2";
			};
			name = Release;
		};
/* End XCBuildConfiguration section */

/* Begin XCConfigurationList section */
		AB28C5B72AFD62CB00A58A74 /* Build configuration list for PBXProject "Art Generator" */ = {
			isa = XCConfigurationList;
			buildConfigurations = (
				AB28C5C82AFD62CD00A58A74 /* Debug */,
				AB28C5C92AFD62CD00A58A74 /* Release */,
			);
			defaultConfigurationIsVisible = 0;
			defaultConfigurationName = Release;
		};
		AB28C5CA2AFD62CD00A58A74 /* Build configuration list for PBXNativeTarget "Art Generator" */ = {
			isa = XCConfigurationList;
			buildConfigurations = (
				AB28C5CB2AFD62CD00A58A74 /* Debug */,
				AB28C5CC2AFD62CD00A58A74 /* Release */,
			);
			defaultConfigurationIsVisible = 0;
			defaultConfigurationName = Release;
		};
/* End XCConfigurationList section */
	};
	rootObject = AB28C5B42AFD62CB00A58A74 /* Project object */;
}
